// !$*UTF8*$!
{
	archiveVersion = 1;
	classes = {
	};
	objectVersion = 50;
	objects = {

/* Begin PBXBuildFile section */
		1DFCCB77233AC65B000C1EC3 /* AppDelegate.swift in Sources */ = {isa = PBXBuildFile; fileRef = 1DFCCB76233AC65B000C1EC3 /* AppDelegate.swift */; };
		1DFCCB79233AC65B000C1EC3 /* ViewController.swift in Sources */ = {isa = PBXBuildFile; fileRef = 1DFCCB78233AC65B000C1EC3 /* ViewController.swift */; };
		1DFCCB7C233AC65B000C1EC3 /* Main.storyboard in Resources */ = {isa = PBXBuildFile; fileRef = 1DFCCB7A233AC65B000C1EC3 /* Main.storyboard */; };
		1DFCCB7E233AC662000C1EC3 /* Assets.xcassets in Resources */ = {isa = PBXBuildFile; fileRef = 1DFCCB7D233AC662000C1EC3 /* Assets.xcassets */; };
		1DFCCB81233AC662000C1EC3 /* LaunchScreen.storyboard in Resources */ = {isa = PBXBuildFile; fileRef = 1DFCCB7F233AC662000C1EC3 /* LaunchScreen.storyboard */; };
/* End PBXBuildFile section */

/* Begin PBXContainerItemProxy section */
		1DFCCB88233AC662000C1EC3 /* PBXContainerItemProxy */ = {
			isa = PBXContainerItemProxy;
			containerPortal = 1DFCCB6B233AC65A000C1EC3 /* Project object */;
			proxyType = 1;
			remoteGlobalIDString = 1DFCCB72233AC65B000C1EC3;
			remoteInfo = "userDefaults-lab";
		};
		1DFCCB93233AC662000C1EC3 /* PBXContainerItemProxy */ = {
			isa = PBXContainerItemProxy;
			containerPortal = 1DFCCB6B233AC65A000C1EC3 /* Project object */;
			proxyType = 1;
			remoteGlobalIDString = 1DFCCB72233AC65B000C1EC3;
			remoteInfo = "userDefaults-lab";
		};
/* End PBXContainerItemProxy section */

/* Begin PBXFileReference section */
		1DFCCB73233AC65B000C1EC3 /* userDefaults-lab.app */ = {isa = PBXFileReference; explicitFileType = wrapper.application; includeInIndex = 0; path = "userDefaults-lab.app"; sourceTree = BUILT_PRODUCTS_DIR; };
		1DFCCB76233AC65B000C1EC3 /* AppDelegate.swift */ = {isa = PBXFileReference; lastKnownFileType = sourcecode.swift; path = AppDelegate.swift; sourceTree = "<group>"; };
		1DFCCB78233AC65B000C1EC3 /* ViewController.swift */ = {isa = PBXFileReference; lastKnownFileType = sourcecode.swift; path = ViewController.swift; sourceTree = "<group>"; };
		1DFCCB7B233AC65B000C1EC3 /* Base */ = {isa = PBXFileReference; lastKnownFileType = file.storyboard; name = Base; path = Base.lproj/Main.storyboard; sourceTree = "<group>"; };
		1DFCCB7D233AC662000C1EC3 /* Assets.xcassets */ = {isa = PBXFileReference; lastKnownFileType = folder.assetcatalog; path = Assets.xcassets; sourceTree = "<group>"; };
		1DFCCB80233AC662000C1EC3 /* Base */ = {isa = PBXFileReference; lastKnownFileType = file.storyboard; name = Base; path = Base.lproj/LaunchScreen.storyboard; sourceTree = "<group>"; };
		1DFCCB82233AC662000C1EC3 /* Info.plist */ = {isa = PBXFileReference; lastKnownFileType = text.plist.xml; path = Info.plist; sourceTree = "<group>"; };
		1DFCCB87233AC662000C1EC3 /* userDefaults-labTests.xctest */ = {isa = PBXFileReference; explicitFileType = wrapper.cfbundle; includeInIndex = 0; path = "userDefaults-labTests.xctest"; sourceTree = BUILT_PRODUCTS_DIR; };
		1DFCCB92233AC662000C1EC3 /* userDefaults-labUITests.xctest */ = {isa = PBXFileReference; explicitFileType = wrapper.cfbundle; includeInIndex = 0; path = "userDefaults-labUITests.xctest"; sourceTree = BUILT_PRODUCTS_DIR; };
/* End PBXFileReference section */

/* Begin PBXFrameworksBuildPhase section */
		1DFCCB70233AC65B000C1EC3 /* Frameworks */ = {
			isa = PBXFrameworksBuildPhase;
			buildActionMask = 2147483647;
			files = (
			);
			runOnlyForDeploymentPostprocessing = 0;
		};
		1DFCCB84233AC662000C1EC3 /* Frameworks */ = {
			isa = PBXFrameworksBuildPhase;
			buildActionMask = 2147483647;
			files = (
			);
			runOnlyForDeploymentPostprocessing = 0;
		};
		1DFCCB8F233AC662000C1EC3 /* Frameworks */ = {
			isa = PBXFrameworksBuildPhase;
			buildActionMask = 2147483647;
			files = (
			);
			runOnlyForDeploymentPostprocessing = 0;
		};
/* End PBXFrameworksBuildPhase section */

/* Begin PBXGroup section */
		1DFCCB6A233AC65A000C1EC3 = {
			isa = PBXGroup;
			children = (
				1DFCCB75233AC65B000C1EC3 /* userDefaults-lab */,
				1DFCCB74233AC65B000C1EC3 /* Products */,
			);
			sourceTree = "<group>";
		};
		1DFCCB74233AC65B000C1EC3 /* Products */ = {
			isa = PBXGroup;
			children = (
				1DFCCB73233AC65B000C1EC3 /* userDefaults-lab.app */,
				1DFCCB87233AC662000C1EC3 /* userDefaults-labTests.xctest */,
				1DFCCB92233AC662000C1EC3 /* userDefaults-labUITests.xctest */,
			);
			name = Products;
			sourceTree = "<group>";
		};
		1DFCCB75233AC65B000C1EC3 /* userDefaults-lab */ = {
			isa = PBXGroup;
			children = (
				1DFCCB76233AC65B000C1EC3 /* AppDelegate.swift */,
				1DFCCB78233AC65B000C1EC3 /* ViewController.swift */,
				1DFCCB7A233AC65B000C1EC3 /* Main.storyboard */,
				1DFCCB7D233AC662000C1EC3 /* Assets.xcassets */,
				1DFCCB7F233AC662000C1EC3 /* LaunchScreen.storyboard */,
				1DFCCB82233AC662000C1EC3 /* Info.plist */,
			);
			path = "userDefaults-lab";
			sourceTree = "<group>";
		};
/* End PBXGroup section */

/* Begin PBXNativeTarget section */
		1DFCCB72233AC65B000C1EC3 /* userDefaults-lab */ = {
			isa = PBXNativeTarget;
			buildConfigurationList = 1DFCCB9B233AC662000C1EC3 /* Build configuration list for PBXNativeTarget "userDefaults-lab" */;
			buildPhases = (
				1DFCCB6F233AC65B000C1EC3 /* Sources */,
				1DFCCB70233AC65B000C1EC3 /* Frameworks */,
				1DFCCB71233AC65B000C1EC3 /* Resources */,
			);
			buildRules = (
			);
			dependencies = (
			);
			name = "userDefaults-lab";
			productName = "userDefaults-lab";
			productReference = 1DFCCB73233AC65B000C1EC3 /* userDefaults-lab.app */;
			productType = "com.apple.product-type.application";
		};
		1DFCCB86233AC662000C1EC3 /* userDefaults-labTests */ = {
			isa = PBXNativeTarget;
			buildConfigurationList = 1DFCCB9E233AC662000C1EC3 /* Build configuration list for PBXNativeTarget "userDefaults-labTests" */;
			buildPhases = (
				1DFCCB83233AC662000C1EC3 /* Sources */,
				1DFCCB84233AC662000C1EC3 /* Frameworks */,
				1DFCCB85233AC662000C1EC3 /* Resources */,
			);
			buildRules = (
			);
			dependencies = (
				1DFCCB89233AC662000C1EC3 /* PBXTargetDependency */,
			);
			name = "userDefaults-labTests";
			productName = "userDefaults-labTests";
			productReference = 1DFCCB87233AC662000C1EC3 /* userDefaults-labTests.xctest */;
			productType = "com.apple.product-type.bundle.unit-test";
		};
		1DFCCB91233AC662000C1EC3 /* userDefaults-labUITests */ = {
			isa = PBXNativeTarget;
			buildConfigurationList = 1DFCCBA1233AC662000C1EC3 /* Build configuration list for PBXNativeTarget "userDefaults-labUITests" */;
			buildPhases = (
				1DFCCB8E233AC662000C1EC3 /* Sources */,
				1DFCCB8F233AC662000C1EC3 /* Frameworks */,
				1DFCCB90233AC662000C1EC3 /* Resources */,
			);
			buildRules = (
			);
			dependencies = (
				1DFCCB94233AC662000C1EC3 /* PBXTargetDependency */,
			);
			name = "userDefaults-labUITests";
			productName = "userDefaults-labUITests";
			productReference = 1DFCCB92233AC662000C1EC3 /* userDefaults-labUITests.xctest */;
			productType = "com.apple.product-type.bundle.ui-testing";
		};
/* End PBXNativeTarget section */

/* Begin PBXProject section */
		1DFCCB6B233AC65A000C1EC3 /* Project object */ = {
			isa = PBXProject;
			attributes = {
				LastSwiftUpdateCheck = 1030;
				LastUpgradeCheck = 1030;
				ORGANIZATIONNAME = "Radharani Ribas-Valongo";
				TargetAttributes = {
					1DFCCB72233AC65B000C1EC3 = {
						CreatedOnToolsVersion = 10.3;
					};
					1DFCCB86233AC662000C1EC3 = {
						CreatedOnToolsVersion = 10.3;
						TestTargetID = 1DFCCB72233AC65B000C1EC3;
					};
					1DFCCB91233AC662000C1EC3 = {
						CreatedOnToolsVersion = 10.3;
						TestTargetID = 1DFCCB72233AC65B000C1EC3;
					};
				};
			};
			buildConfigurationList = 1DFCCB6E233AC65B000C1EC3 /* Build configuration list for PBXProject "userDefaults-lab" */;
			compatibilityVersion = "Xcode 9.3";
			developmentRegion = en;
			hasScannedForEncodings = 0;
			knownRegions = (
				en,
				Base,
			);
			mainGroup = 1DFCCB6A233AC65A000C1EC3;
			productRefGroup = 1DFCCB74233AC65B000C1EC3 /* Products */;
			projectDirPath = "";
			projectRoot = "";
			targets = (
				1DFCCB72233AC65B000C1EC3 /* userDefaults-lab */,
				1DFCCB86233AC662000C1EC3 /* userDefaults-labTests */,
				1DFCCB91233AC662000C1EC3 /* userDefaults-labUITests */,
			);
		};
/* End PBXProject section */

/* Begin PBXResourcesBuildPhase section */
		1DFCCB71233AC65B000C1EC3 /* Resources */ = {
			isa = PBXResourcesBuildPhase;
			buildActionMask = 2147483647;
			files = (
				1DFCCB81233AC662000C1EC3 /* LaunchScreen.storyboard in Resources */,
				1DFCCB7E233AC662000C1EC3 /* Assets.xcassets in Resources */,
				1DFCCB7C233AC65B000C1EC3 /* Main.storyboard in Resources */,
			);
			runOnlyForDeploymentPostprocessing = 0;
		};
		1DFCCB85233AC662000C1EC3 /* Resources */ = {
			isa = PBXResourcesBuildPhase;
			buildActionMask = 2147483647;
			files = (
			);
			runOnlyForDeploymentPostprocessing = 0;
		};
		1DFCCB90233AC662000C1EC3 /* Resources */ = {
			isa = PBXResourcesBuildPhase;
			buildActionMask = 2147483647;
			files = (
			);
			runOnlyForDeploymentPostprocessing = 0;
		};
/* End PBXResourcesBuildPhase section */

/* Begin PBXSourcesBuildPhase section */
		1DFCCB6F233AC65B000C1EC3 /* Sources */ = {
			isa = PBXSourcesBuildPhase;
			buildActionMask = 2147483647;
			files = (
				1DFCCB79233AC65B000C1EC3 /* ViewController.swift in Sources */,
				1DFCCB77233AC65B000C1EC3 /* AppDelegate.swift in Sources */,
			);
			runOnlyForDeploymentPostprocessing = 0;
		};
		1DFCCB83233AC662000C1EC3 /* Sources */ = {
			isa = PBXSourcesBuildPhase;
			buildActionMask = 2147483647;
			files = (
			);
			runOnlyForDeploymentPostprocessing = 0;
		};
		1DFCCB8E233AC662000C1EC3 /* Sources */ = {
			isa = PBXSourcesBuildPhase;
			buildActionMask = 2147483647;
			files = (
			);
			runOnlyForDeploymentPostprocessing = 0;
		};
/* End PBXSourcesBuildPhase section */

/* Begin PBXTargetDependency section */
		1DFCCB89233AC662000C1EC3 /* PBXTargetDependency */ = {
			isa = PBXTargetDependency;
			target = 1DFCCB72233AC65B000C1EC3 /* userDefaults-lab */;
			targetProxy = 1DFCCB88233AC662000C1EC3 /* PBXContainerItemProxy */;
		};
		1DFCCB94233AC662000C1EC3 /* PBXTargetDependency */ = {
			isa = PBXTargetDependency;
			target = 1DFCCB72233AC65B000C1EC3 /* userDefaults-lab */;
			targetProxy = 1DFCCB93233AC662000C1EC3 /* PBXContainerItemProxy */;
		};
/* End PBXTargetDependency section */

/* Begin PBXVariantGroup section */
		1DFCCB7A233AC65B000C1EC3 /* Main.storyboard */ = {
			isa = PBXVariantGroup;
			children = (
				1DFCCB7B233AC65B000C1EC3 /* Base */,
			);
			name = Main.storyboard;
			sourceTree = "<group>";
		};
		1DFCCB7F233AC662000C1EC3 /* LaunchScreen.storyboard */ = {
			isa = PBXVariantGroup;
			children = (
				1DFCCB80233AC662000C1EC3 /* Base */,
			);
			name = LaunchScreen.storyboard;
			sourceTree = "<group>";
		};
/* End PBXVariantGroup section */

/* Begin XCBuildConfiguration section */
		1DFCCB99233AC662000C1EC3 /* Debug */ = {
			isa = XCBuildConfiguration;
			buildSettings = {
				ALWAYS_SEARCH_USER_PATHS = NO;
				CLANG_ANALYZER_NONNULL = YES;
				CLANG_ANALYZER_NUMBER_OBJECT_CONVERSION = YES_AGGRESSIVE;
				CLANG_CXX_LANGUAGE_STANDARD = "gnu++14";
				CLANG_CXX_LIBRARY = "libc++";
				CLANG_ENABLE_MODULES = YES;
				CLANG_ENABLE_OBJC_ARC = YES;
				CLANG_ENABLE_OBJC_WEAK = YES;
				CLANG_WARN_BLOCK_CAPTURE_AUTORELEASING = YES;
				CLANG_WARN_BOOL_CONVERSION = YES;
				CLANG_WARN_COMMA = YES;
				CLANG_WARN_CONSTANT_CONVERSION = YES;
				CLANG_WARN_DEPRECATED_OBJC_IMPLEMENTATIONS = YES;
				CLANG_WARN_DIRECT_OBJC_ISA_USAGE = YES_ERROR;
				CLANG_WARN_DOCUMENTATION_COMMENTS = YES;
				CLANG_WARN_EMPTY_BODY = YES;
				CLANG_WARN_ENUM_CONVERSION = YES;
				CLANG_WARN_INFINITE_RECURSION = YES;
				CLANG_WARN_INT_CONVERSION = YES;
				CLANG_WARN_NON_LITERAL_NULL_CONVERSION = YES;
				CLANG_WARN_OBJC_IMPLICIT_RETAIN_SELF = YES;
				CLANG_WARN_OBJC_LITERAL_CONVERSION = YES;
				CLANG_WARN_OBJC_ROOT_CLASS = YES_ERROR;
				CLANG_WARN_RANGE_LOOP_ANALYSIS = YES;
				CLANG_WARN_STRICT_PROTOTYPES = YES;
				CLANG_WARN_SUSPICIOUS_MOVE = YES;
				CLANG_WARN_UNGUARDED_AVAILABILITY = YES_AGGRESSIVE;
				CLANG_WARN_UNREACHABLE_CODE = YES;
				CLANG_WARN__DUPLICATE_METHOD_MATCH = YES;
				CODE_SIGN_IDENTITY = "iPhone Developer";
				COPY_PHASE_STRIP = NO;
				DEBUG_INFORMATION_FORMAT = dwarf;
				ENABLE_STRICT_OBJC_MSGSEND = YES;
				ENABLE_TESTABILITY = YES;
				GCC_C_LANGUAGE_STANDARD = gnu11;
				GCC_DYNAMIC_NO_PIC = NO;
				GCC_NO_COMMON_BLOCKS = YES;
				GCC_OPTIMIZATION_LEVEL = 0;
				GCC_PREPROCESSOR_DEFINITIONS = (
					"DEBUG=1",
					"$(inherited)",
				);
				GCC_WARN_64_TO_32_BIT_CONVERSION = YES;
				GCC_WARN_ABOUT_RETURN_TYPE = YES_ERROR;
				GCC_WARN_UNDECLARED_SELECTOR = YES;
				GCC_WARN_UNINITIALIZED_AUTOS = YES_AGGRESSIVE;
				GCC_WARN_UNUSED_FUNCTION = YES;
				GCC_WARN_UNUSED_VARIABLE = YES;
				IPHONEOS_DEPLOYMENT_TARGET = 12.4;
				MTL_ENABLE_DEBUG_INFO = INCLUDE_SOURCE;
				MTL_FAST_MATH = YES;
				ONLY_ACTIVE_ARCH = YES;
				SDKROOT = iphoneos;
				SWIFT_ACTIVE_COMPILATION_CONDITIONS = DEBUG;
				SWIFT_OPTIMIZATION_LEVEL = "-Onone";
			};
			name = Debug;
		};
		1DFCCB9A233AC662000C1EC3 /* Release */ = {
			isa = XCBuildConfiguration;
			buildSettings = {
				ALWAYS_SEARCH_USER_PATHS = NO;
				CLANG_ANALYZER_NONNULL = YES;
				CLANG_ANALYZER_NUMBER_OBJECT_CONVERSION = YES_AGGRESSIVE;
				CLANG_CXX_LANGUAGE_STANDARD = "gnu++14";
				CLANG_CXX_LIBRARY = "libc++";
				CLANG_ENABLE_MODULES = YES;
				CLANG_ENABLE_OBJC_ARC = YES;
				CLANG_ENABLE_OBJC_WEAK = YES;
				CLANG_WARN_BLOCK_CAPTURE_AUTORELEASING = YES;
				CLANG_WARN_BOOL_CONVERSION = YES;
				CLANG_WARN_COMMA = YES;
				CLANG_WARN_CONSTANT_CONVERSION = YES;
				CLANG_WARN_DEPRECATED_OBJC_IMPLEMENTATIONS = YES;
				CLANG_WARN_DIRECT_OBJC_ISA_USAGE = YES_ERROR;
				CLANG_WARN_DOCUMENTATION_COMMENTS = YES;
				CLANG_WARN_EMPTY_BODY = YES;
				CLANG_WARN_ENUM_CONVERSION = YES;
				CLANG_WARN_INFINITE_RECURSION = YES;
				CLANG_WARN_INT_CONVERSION = YES;
				CLANG_WARN_NON_LITERAL_NULL_CONVERSION = YES;
				CLANG_WARN_OBJC_IMPLICIT_RETAIN_SELF = YES;
				CLANG_WARN_OBJC_LITERAL_CONVERSION = YES;
				CLANG_WARN_OBJC_ROOT_CLASS = YES_ERROR;
				CLANG_WARN_RANGE_LOOP_ANALYSIS = YES;
				CLANG_WARN_STRICT_PROTOTYPES = YES;
				CLANG_WARN_SUSPICIOUS_MOVE = YES;
				CLANG_WARN_UNGUARDED_AVAILABILITY = YES_AGGRESSIVE;
				CLANG_WARN_UNREACHABLE_CODE = YES;
				CLANG_WARN__DUPLICATE_METHOD_MATCH = YES;
				CODE_SIGN_IDENTITY = "iPhone Developer";
				COPY_PHASE_STRIP = NO;
				DEBUG_INFORMATION_FORMAT = "dwarf-with-dsym";
				ENABLE_NS_ASSERTIONS = NO;
				ENABLE_STRICT_OBJC_MSGSEND = YES;
				GCC_C_LANGUAGE_STANDARD = gnu11;
				GCC_NO_COMMON_BLOCKS = YES;
				GCC_WARN_64_TO_32_BIT_CONVERSION = YES;
				GCC_WARN_ABOUT_RETURN_TYPE = YES_ERROR;
				GCC_WARN_UNDECLARED_SELECTOR = YES;
				GCC_WARN_UNINITIALIZED_AUTOS = YES_AGGRESSIVE;
				GCC_WARN_UNUSED_FUNCTION = YES;
				GCC_WARN_UNUSED_VARIABLE = YES;
				IPHONEOS_DEPLOYMENT_TARGET = 12.4;
				MTL_ENABLE_DEBUG_INFO = NO;
				MTL_FAST_MATH = YES;
				SDKROOT = iphoneos;
				SWIFT_COMPILATION_MODE = wholemodule;
				SWIFT_OPTIMIZATION_LEVEL = "-O";
				VALIDATE_PRODUCT = YES;
			};
			name = Release;
		};
		1DFCCB9C233AC662000C1EC3 /* Debug */ = {
			isa = XCBuildConfiguration;
			buildSettings = {
				ASSETCATALOG_COMPILER_APPICON_NAME = AppIcon;
				CODE_SIGN_STYLE = Automatic;
				INFOPLIST_FILE = "userDefaults-lab/Info.plist";
				LD_RUNPATH_SEARCH_PATHS = (
					"$(inherited)",
					"@executable_path/Frameworks",
				);
				PRODUCT_BUNDLE_IDENTIFIER = "v1.userDefaults-lab";
				PRODUCT_NAME = "$(TARGET_NAME)";
				SWIFT_VERSION = 5.0;
				TARGETED_DEVICE_FAMILY = "1,2";
			};
			name = Debug;
		};
		1DFCCB9D233AC662000C1EC3 /* Release */ = {
			isa = XCBuildConfiguration;
			buildSettings = {
				ASSETCATALOG_COMPILER_APPICON_NAME = AppIcon;
				CODE_SIGN_STYLE = Automatic;
				INFOPLIST_FILE = "userDefaults-lab/Info.plist";
				LD_RUNPATH_SEARCH_PATHS = (
					"$(inherited)",
					"@executable_path/Frameworks",
				);
				PRODUCT_BUNDLE_IDENTIFIER = "v1.userDefaults-lab";
				PRODUCT_NAME = "$(TARGET_NAME)";
				SWIFT_VERSION = 5.0;
				TARGETED_DEVICE_FAMILY = "1,2";
			};
			name = Release;
		};
		1DFCCB9F233AC662000C1EC3 /* Debug */ = {
			isa = XCBuildConfiguration;
			buildSettings = {
				ALWAYS_EMBED_SWIFT_STANDARD_LIBRARIES = YES;
				BUNDLE_LOADER = "$(TEST_HOST)";
				CODE_SIGN_STYLE = Automatic;
				INFOPLIST_FILE = "userDefaults-labTests/Info.plist";
				LD_RUNPATH_SEARCH_PATHS = (
					"$(inherited)",
					"@executable_path/Frameworks",
					"@loader_path/Frameworks",
				);
				PRODUCT_BUNDLE_IDENTIFIER = "v1.userDefaults-labTests";
				PRODUCT_NAME = "$(TARGET_NAME)";
				SWIFT_VERSION = 5.0;
				TARGETED_DEVICE_FAMILY = "1,2";
				TEST_HOST = "$(BUILT_PRODUCTS_DIR)/userDefaults-lab.app/userDefaults-lab";
			};
			name = Debug;
		};
		1DFCCBA0233AC662000C1EC3 /* Release */ = {
			isa = XCBuildConfiguration;
			buildSettings = {
				ALWAYS_EMBED_SWIFT_STANDARD_LIBRARIES = YES;
				BUNDLE_LOADER = "$(TEST_HOST)";
				CODE_SIGN_STYLE = Automatic;
				INFOPLIST_FILE = "userDefaults-labTests/Info.plist";
				LD_RUNPATH_SEARCH_PATHS = (
					"$(inherited)",
					"@executable_path/Frameworks",
					"@loader_path/Frameworks",
				);
				PRODUCT_BUNDLE_IDENTIFIER = "v1.userDefaults-labTests";
				PRODUCT_NAME = "$(TARGET_NAME)";
				SWIFT_VERSION = 5.0;
				TARGETED_DEVICE_FAMILY = "1,2";
				TEST_HOST = "$(BUILT_PRODUCTS_DIR)/userDefaults-lab.app/userDefaults-lab";
			};
			name = Release;
		};
		1DFCCBA2233AC662000C1EC3 /* Debug */ = {
			isa = XCBuildConfiguration;
			buildSettings = {
				ALWAYS_EMBED_SWIFT_STANDARD_LIBRARIES = YES;
				CODE_SIGN_STYLE = Automatic;
				INFOPLIST_FILE = "userDefaults-labUITests/Info.plist";
				LD_RUNPATH_SEARCH_PATHS = (
					"$(inherited)",
					"@executable_path/Frameworks",
					"@loader_path/Frameworks",
				);
				PRODUCT_BUNDLE_IDENTIFIER = "v1.userDefaults-labUITests";
				PRODUCT_NAME = "$(TARGET_NAME)";
				SWIFT_VERSION = 5.0;
				TARGETED_DEVICE_FAMILY = "1,2";
				TEST_TARGET_NAME = "userDefaults-lab";
			};
			name = Debug;
		};
		1DFCCBA3233AC662000C1EC3 /* Release */ = {
			isa = XCBuildConfiguration;
			buildSettings = {
				ALWAYS_EMBED_SWIFT_STANDARD_LIBRARIES = YES;
				CODE_SIGN_STYLE = Automatic;
				INFOPLIST_FILE = "userDefaults-labUITests/Info.plist";
				LD_RUNPATH_SEARCH_PATHS = (
					"$(inherited)",
					"@executable_path/Frameworks",
					"@loader_path/Frameworks",
				);
				PRODUCT_BUNDLE_IDENTIFIER = "v1.userDefaults-labUITests";
				PRODUCT_NAME = "$(TARGET_NAME)";
				SWIFT_VERSION = 5.0;
				TARGETED_DEVICE_FAMILY = "1,2";
				TEST_TARGET_NAME = "userDefaults-lab";
			};
			name = Release;
		};
/* End XCBuildConfiguration section */

/* Begin XCConfigurationList section */
		1DFCCB6E233AC65B000C1EC3 /* Build configuration list for PBXProject "userDefaults-lab" */ = {
			isa = XCConfigurationList;
			buildConfigurations = (
				1DFCCB99233AC662000C1EC3 /* Debug */,
				1DFCCB9A233AC662000C1EC3 /* Release */,
			);
			defaultConfigurationIsVisible = 0;
			defaultConfigurationName = Release;
		};
		1DFCCB9B233AC662000C1EC3 /* Build configuration list for PBXNativeTarget "userDefaults-lab" */ = {
			isa = XCConfigurationList;
			buildConfigurations = (
				1DFCCB9C233AC662000C1EC3 /* Debug */,
				1DFCCB9D233AC662000C1EC3 /* Release */,
			);
			defaultConfigurationIsVisible = 0;
			defaultConfigurationName = Release;
		};
		1DFCCB9E233AC662000C1EC3 /* Build configuration list for PBXNativeTarget "userDefaults-labTests" */ = {
			isa = XCConfigurationList;
			buildConfigurations = (
				1DFCCB9F233AC662000C1EC3 /* Debug */,
				1DFCCBA0233AC662000C1EC3 /* Release */,
			);
			defaultConfigurationIsVisible = 0;
			defaultConfigurationName = Release;
		};
		1DFCCBA1233AC662000C1EC3 /* Build configuration list for PBXNativeTarget "userDefaults-labUITests" */ = {
			isa = XCConfigurationList;
			buildConfigurations = (
				1DFCCBA2233AC662000C1EC3 /* Debug */,
				1DFCCBA3233AC662000C1EC3 /* Release */,
			);
			defaultConfigurationIsVisible = 0;
			defaultConfigurationName = Release;
		};
/* End XCConfigurationList section */
	};
	rootObject = 1DFCCB6B233AC65A000C1EC3 /* Project object */;
}
